PODS:
  - AppLovinSDK (13.6.1)
  - FBAEMKit (18.0.3):
    - FBSDKCoreKit_Basics (= 18.0.3)
  - FBSDKCoreKit (18.0.3):
    - FBAEMKit (= 18.0.3)
    - FBSDKCoreKit_Basics (= 18.0.3)
  - FBSDKCoreKit_Basics (18.0.3)
  - Firebase/Analytics (12.11.0):
    - Firebase/Core
  - Firebase/Core (12.11.0):
    - Firebase/CoreOnly
    - FirebaseAnalytics (~> 12.11.0)
  - Firebase/CoreOnly (12.11.0):
    - FirebaseCore (~> 12.11.0)
  - FirebaseAnalytics (12.11.0):
    - FirebaseAnalytics/Default (= 12.11.0)
    - FirebaseCore (~> 12.11.0)
    - FirebaseInstallations (~> 12.11.0)
    - GoogleUtilities/AppDelegateSwizzler (~> 8.1)
    - GoogleUtilities/MethodSwizzler (~> 8.1)
    - GoogleUtilities/Network (~> 8.1)
    - "GoogleUtilities/NSData+zlib (~> 8.1)"
    - nanopb (~> 3.30910.0)
  - FirebaseAnalytics/Default (12.11.0):
    - FirebaseCore (~> 12.11.0)
    - FirebaseInstallations (~> 12.11.0)
    - GoogleAppMeasurement/Default (= 12.11.0)
    - GoogleUtilities/AppDelegateSwizzler (~> 8.1)
    - GoogleUtilities/MethodSwizzler (~> 8.1)
    - GoogleUtilities/Network (~> 8.1)
    - "GoogleUtilities/NSData+zlib (~> 8.1)"
    - nanopb (~> 3.30910.0)
  - FirebaseCore (12.11.0):
    - FirebaseCoreInternal (~> 12.11.0)
    - GoogleUtilities/Environment (~> 8.1)
    - GoogleUtilities/Logger (~> 8.1)
  - FirebaseCoreInternal (12.11.0):
    - "GoogleUtilities/NSData+zlib (~> 8.1)"
  - FirebaseInstallations (12.11.0):
    - FirebaseCore (~> 12.11.0)
    - GoogleUtilities/Environment (~> 8.1)
    - GoogleUtilities/UserDefaults (~> 8.1)
    - PromisesObjC (~> 2.4)
  - GoogleAdsOnDeviceConversion (3.4.0):
    - GoogleUtilities/Environment (~> 8.1)
    - GoogleUtilities/Logger (~> 8.1)
    - GoogleUtilities/Network (~> 8.1)
    - nanopb (~> 3.30910.0)
  - GoogleAppMeasurement/Core (12.11.0):
    - GoogleUtilities/AppDelegateSwizzler (~> 8.1)
    - GoogleUtilities/MethodSwizzler (~> 8.1)
    - GoogleUtilities/Network (~> 8.1)
    - "GoogleUtilities/NSData+zlib (~> 8.1)"
    - nanopb (~> 3.30910.0)
  - GoogleAppMeasurement/Default (12.11.0):
    - GoogleAdsOnDeviceConversion (~> 3.4.0)
    - GoogleAppMeasurement/Core (= 12.11.0)
    - GoogleAppMeasurement/IdentitySupport (= 12.11.0)
    - GoogleUtilities/AppDelegateSwizzler (~> 8.1)
    - GoogleUtilities/MethodSwizzler (~> 8.1)
    - GoogleUtilities/Network (~> 8.1)
    - "GoogleUtilities/NSData+zlib (~> 8.1)"
    - nanopb (~> 3.30910.0)
  - GoogleAppMeasurement/IdentitySupport (12.11.0):
    - GoogleAppMeasurement/Core (= 12.11.0)
    - GoogleUtilities/AppDelegateSwizzler (~> 8.1)
    - GoogleUtilities/MethodSwizzler (~> 8.1)
    - GoogleUtilities/Network (~> 8.1)
    - "GoogleUtilities/NSData+zlib (~> 8.1)"
    - nanopb (~> 3.30910.0)
  - GoogleUtilities/AppDelegateSwizzler (8.1.0):
    - GoogleUtilities/Environment
    - GoogleUtilities/Logger
    - GoogleUtilities/Network
    - GoogleUtilities/Privacy
  - GoogleUtilities/Environment (8.1.0):
    - GoogleUtilities/Privacy
  - GoogleUtilities/Logger (8.1.0):
    - GoogleUtilities/Environment
    - GoogleUtilities/Privacy
  - GoogleUtilities/MethodSwizzler (8.1.0):
    - GoogleUtilities/Logger
    - GoogleUtilities/Privacy
  - GoogleUtilities/Network (8.1.0):
    - GoogleUtilities/Logger
    - "GoogleUtilities/NSData+zlib"
    - GoogleUtilities/Privacy
    - GoogleUtilities/Reachability
  - "GoogleUtilities/NSData+zlib (8.1.0)":
    - GoogleUtilities/Privacy
  - GoogleUtilities/Privacy (8.1.0)
  - GoogleUtilities/Reachability (8.1.0):
    - GoogleUtilities/Logger
    - GoogleUtilities/Privacy
  - GoogleUtilities/UserDefaults (8.1.0):
    - GoogleUtilities/Logger
    - GoogleUtilities/Privacy
  - IronSourceAdQualitySDK (9.1.1)
  - IronSourceSDK (9.2.0.0):
    - IronSourceSDK/AdQuality (= 9.2.0.0)
    - IronSourceSDK/Ads (= 9.2.0.0)
  - IronSourceSDK/AdQuality (9.2.0.0):
    - IronSourceAdQualitySDK (~> 9.1.1)
  - IronSourceSDK/Ads (9.2.0.0)
  - JustTrackSDK (7.1.1)
  - JustTrackSDKAppLovinAdapter (1.0.1):
    - JustTrackSDK
  - JustTrackSDKFirebaseAdapter (1.0.0):
    - JustTrackSDK
  - JustTrackSDKGoogleOdmAdapter (1.0.1):
    - JustTrackSDK
  - JustTrackSDKIronSourceAdapter (2.0.0):
    - JustTrackSDK
  - JustTrackSDKUnityAdsAdapter (1.0.1):
    - JustTrackSDK
  - nanopb (3.30910.0):
    - nanopb/decode (= 3.30910.0)
    - nanopb/encode (= 3.30910.0)
  - nanopb/decode (3.30910.0)
  - nanopb/encode (3.30910.0)
  - PromisesObjC (2.4.0)
  - UnityAds (4.17.0)

DEPENDENCIES:
  - AppLovinSDK
  - FBSDKCoreKit
  - Firebase/Analytics
  - Firebase/Core
  - GoogleAdsOnDeviceConversion
  - IronSourceAdQualitySDK
  - IronSourceSDK (= 9.2.0)
  - JustTrackSDK (from `../JustTrackSDK`)
  - JustTrackSDKAppLovinAdapter (from `../Adapters/AppLovin`)
  - JustTrackSDKFirebaseAdapter (from `../Adapters/Firebase`)
  - JustTrackSDKGoogleOdmAdapter (from `../Adapters/GoogleOdm`)
  - JustTrackSDKIronSourceAdapter (from `../Adapters/IronSource`)
  - JustTrackSDKUnityAdsAdapter (from `../Adapters/UnityAds`)
  - UnityAds

SPEC REPOS:
  https://github.com/CocoaPods/Specs.git:
    - AppLovinSDK
    - FBAEMKit
    - FBSDKCoreKit
    - FBSDKCoreKit_Basics
    - Firebase
    - FirebaseAnalytics
    - FirebaseCore
    - FirebaseCoreInternal
    - FirebaseInstallations
    - GoogleAdsOnDeviceConversion
    - GoogleAppMeasurement
    - GoogleUtilities
    - IronSourceAdQualitySDK
    - IronSourceSDK
    - nanopb
    - PromisesObjC
    - UnityAds

EXTERNAL SOURCES:
  JustTrackSDK:
    :path: "../JustTrackSDK"
  JustTrackSDKAppLovinAdapter:
    :path: "../Adapters/AppLovin"
  JustTrackSDKFirebaseAdapter:
    :path: "../Adapters/Firebase"
  JustTrackSDKGoogleOdmAdapter:
    :path: "../Adapters/GoogleOdm"
  JustTrackSDKIronSourceAdapter:
    :path: "../Adapters/IronSource"
  JustTrackSDKUnityAdsAdapter:
    :path: "../Adapters/UnityAds"

SPEC CHECKSUMS:
  AppLovinSDK: fb0795377cc861aa8813019ddc5d05fbd998c527
  FBAEMKit: 2a6b529993713c185b02bc36f8c91129bf78dfb0
  FBSDKCoreKit: 65d7f7a7d6fcc3aa6eb6e093ec737a4184fc6049
  FBSDKCoreKit_Basics: 7bc9d8fde8f70985fba2ed7c1d07e319f969a991
  Firebase: 3c3a624c4eb42b091c32590a87678cfee193c9c5
  FirebaseAnalytics: 2513f181a22ba7d5ba547ce0a65f82352cc8a0c9
  FirebaseCore: 1b39aa6e67b4b4d5771045abf9c9a57a585ff1e7
  FirebaseCoreInternal: 26601b1134d192ef73e80c0c0110fb96477db687
  FirebaseInstallations: 3b65e8f4faed02bad1abf5de40e8286c5b13073d
  GoogleAdsOnDeviceConversion: 98956ec5399cff7c0886cf757f4c8ca4716a5064
  GoogleAppMeasurement: 937c97829050e8e83b17724cf873323270b26cb5
  GoogleUtilities: 00c88b9a86066ef77f0da2fab05f65d7768ed8e1
  IronSourceAdQualitySDK: 56314ade811a5226f76dfd377bc09aca0d6610c0
  IronSourceSDK: 66e1483cd62fb63162a965651f6f41c6b91664db
  JustTrackSDK: dc09da9b52e267ba44d37ed9066fb97f075cc74e
  JustTrackSDKAppLovinAdapter: 9fa0a254f2a416205e3043ac9a4f6672c30dab4c
  JustTrackSDKFirebaseAdapter: 8d87f1e8401a62be0ec6763d27101404ceeea0a3
  JustTrackSDKGoogleOdmAdapter: b57f5cd731b103d70ef46efc9911e8c854ec0d14
  JustTrackSDKIronSourceAdapter: b2d379f1e4789c9f2aac32dfd8f3403ca1d0bf48
  JustTrackSDKUnityAdsAdapter: ad29d2ae2e2fb4af8718d59ceff17c6eddbdd3f2
  nanopb: fad817b59e0457d11a5dfbde799381cd727c1275
  PromisesObjC: f5707f49cb48b9636751c5b2e7d227e43fba9f47
  UnityAds: adbe0d522fd14b8298c5e159164fc43396165843

PODFILE CHECKSUM: a5e19dc85340da4f0bb4d66b3fc43eca2de3e950

COCOAPODS: 1.16.2
